
Microsoft Visual Studio Solution File, Format Version 12.00
# Visual Studio Version 17
VisualStudioVersion = 17.9.34622.214
MinimumVisualStudioVersion = 10.0.40219.1
Project("{9A19103F-16F7-4668-BE54-9A1E7A4F7556}") = "LogikaTest", "LogikaTest.csproj", "{E11C8FC8-3BAE-43F8-AC2D-5563C609CB0F}"
EndProject
Project("{9A19103F-16F7-4668-BE54-9A1E7A4F7556}") = "Logika", "..\..\Logika\Logika.csproj", "{4EB26389-BAFE-4AE2-8980-C0EC4A67CE4E}"
EndProject
Global
	GlobalSection(SolutionConfigurationPlatforms) = preSolution
		Debug|Any CPU = Debug|Any CPU
		Release|Any CPU = Release|Any CPU
	EndGlobalSection
	GlobalSection(ProjectConfigurationPlatforms) = postSolution
		{E11C8FC8-3BAE-43F8-AC2D-5563C609CB0F}.Debug|Any CPU.ActiveCfg = Debug|Any CPU
		{E11C8FC8-3BAE-43F8-AC2D-5563C609CB0F}.Debug|Any CPU.Build.0 = Debug|Any CPU
		{E11C8FC8-3BAE-43F8-AC2D-5563C609CB0F}.Release|Any CPU.ActiveCfg = Release|Any CPU
		{E11C8FC8-3BAE-43F8-AC2D-5563C609CB0F}.Release|Any CPU.Build.0 = Release|Any CPU
		{4EB26389-BAFE-4AE2-8980-C0EC4A67CE4E}.Debug|Any CPU.ActiveCfg = Debug|Any CPU
		{4EB26389-BAFE-4AE2-8980-C0EC4A67CE4E}.Debug|Any CPU.Build.0 = Debug|Any CPU
		{4EB26389-BAFE-4AE2-8980-C0EC4A67CE4E}.Release|Any CPU.ActiveCfg = Release|Any CPU
		{4EB26389-BAFE-4AE2-8980-C0EC4A67CE4E}.Release|Any CPU.Build.0 = Release|Any CPU
	EndGlobalSection
	GlobalSection(SolutionProperties) = preSolution
		HideSolutionNode = FALSE
	EndGlobalSection
	GlobalSection(ExtensibilityGlobals) = postSolution
		SolutionGuid = {867C0126-5194-4F33-A642-4D465B74D3B4}
	EndGlobalSection
EndGlobal
