
Microsoft Visual Studio Solution File, Format Version 12.00
# Visual Studio Version 17
VisualStudioVersion = 17.9.34622.214
MinimumVisualStudioVersion = 10.0.40219.1
Project("{9A19103F-16F7-4668-BE54-9A1E7A4F7556}") = "View", "View.csproj", "{679663DA-110C-4D3F-95F5-40F6718E9AB9}"
EndProject
Project("{9A19103F-16F7-4668-BE54-9A1E7A4F7556}") = "ViewModel", "..\ViewModel\ViewModel.csproj", "{1FC2A79F-78CF-4431-B9C8-08ABD7861F33}"
EndProject
Global
	GlobalSection(SolutionConfigurationPlatforms) = preSolution
		Debug|Any CPU = Debug|Any CPU
		Release|Any CPU = Release|Any CPU
	EndGlobalSection
	GlobalSection(ProjectConfigurationPlatforms) = postSolution
		{679663DA-110C-4D3F-95F5-40F6718E9AB9}.Debug|Any CPU.ActiveCfg = Debug|Any CPU
		{679663DA-110C-4D3F-95F5-40F6718E9AB9}.Debug|Any CPU.Build.0 = Debug|Any CPU
		{679663DA-110C-4D3F-95F5-40F6718E9AB9}.Release|Any CPU.ActiveCfg = Release|Any CPU
		{679663DA-110C-4D3F-95F5-40F6718E9AB9}.Release|Any CPU.Build.0 = Release|Any CPU
		{1FC2A79F-78CF-4431-B9C8-08ABD7861F33}.Debug|Any CPU.ActiveCfg = Debug|Any CPU
		{1FC2A79F-78CF-4431-B9C8-08ABD7861F33}.Debug|Any CPU.Build.0 = Debug|Any CPU
		{1FC2A79F-78CF-4431-B9C8-08ABD7861F33}.Release|Any CPU.ActiveCfg = Release|Any CPU
		{1FC2A79F-78CF-4431-B9C8-08ABD7861F33}.Release|Any CPU.Build.0 = Release|Any CPU
	EndGlobalSection
	GlobalSection(SolutionProperties) = preSolution
		HideSolutionNode = FALSE
	EndGlobalSection
	GlobalSection(ExtensibilityGlobals) = postSolution
		SolutionGuid = {FE720F80-9095-41C7-B805-35D6C2928FE5}
	EndGlobalSection
EndGlobal
