
Microsoft Visual Studio Solution File, Format Version 12.00
# Visual Studio Version 17
VisualStudioVersion = 17.9.34622.214
MinimumVisualStudioVersion = 10.0.40219.1
Project("{9A19103F-16F7-4668-BE54-9A1E7A4F7556}") = "Model", "Model.csproj", "{7061BF6A-FF8C-4C79-A0CC-082FAA140D2B}"
EndProject
Project("{9A19103F-16F7-4668-BE54-9A1E7A4F7556}") = "Logika", "..\..\Logika\Logika.csproj", "{4159189F-DBFE-443F-8B41-23AACB2E5CD9}"
EndProject
Global
	GlobalSection(SolutionConfigurationPlatforms) = preSolution
		Debug|Any CPU = Debug|Any CPU
		Release|Any CPU = Release|Any CPU
	EndGlobalSection
	GlobalSection(ProjectConfigurationPlatforms) = postSolution
		{7061BF6A-FF8C-4C79-A0CC-082FAA140D2B}.Debug|Any CPU.ActiveCfg = Debug|Any CPU
		{7061BF6A-FF8C-4C79-A0CC-082FAA140D2B}.Debug|Any CPU.Build.0 = Debug|Any CPU
		{7061BF6A-FF8C-4C79-A0CC-082FAA140D2B}.Release|Any CPU.ActiveCfg = Release|Any CPU
		{7061BF6A-FF8C-4C79-A0CC-082FAA140D2B}.Release|Any CPU.Build.0 = Release|Any CPU
		{4159189F-DBFE-443F-8B41-23AACB2E5CD9}.Debug|Any CPU.ActiveCfg = Debug|Any CPU
		{4159189F-DBFE-443F-8B41-23AACB2E5CD9}.Debug|Any CPU.Build.0 = Debug|Any CPU
		{4159189F-DBFE-443F-8B41-23AACB2E5CD9}.Release|Any CPU.ActiveCfg = Release|Any CPU
		{4159189F-DBFE-443F-8B41-23AACB2E5CD9}.Release|Any CPU.Build.0 = Release|Any CPU
	EndGlobalSection
	GlobalSection(SolutionProperties) = preSolution
		HideSolutionNode = FALSE
	EndGlobalSection
	GlobalSection(ExtensibilityGlobals) = postSolution
		SolutionGuid = {27D2A825-009B-4D37-8C01-570AAB6CA701}
	EndGlobalSection
EndGlobal
